
Microsoft Visual Studio Solution File, Format Version 12.00
Project("{FAE04EC0-301F-11D3-BF4B-00C04F79EFBC}") = "RutokenTotpFido2Demo", "RutokenTotpFido2Demo\RutokenTotpFido2Demo.csproj", "{0B8E374C-301A-4088-9FBF-75876E1C4F1F}"
EndProject
Global
	GlobalSection(SolutionConfigurationPlatforms) = preSolution
		Debug|Any CPU = Debug|Any CPU
		Release|Any CPU = Release|Any CPU
	EndGlobalSection
	GlobalSection(ProjectConfigurationPlatforms) = postSolution
		{0B8E374C-301A-4088-9FBF-75876E1C4F1F}.Debug|Any CPU.ActiveCfg = Debug|Any CPU
		{0B8E374C-301A-4088-9FBF-75876E1C4F1F}.Debug|Any CPU.Build.0 = Debug|Any CPU
		{0B8E374C-301A-4088-9FBF-75876E1C4F1F}.Release|Any CPU.ActiveCfg = Release|Any CPU
		{0B8E374C-301A-4088-9FBF-75876E1C4F1F}.Release|Any CPU.Build.0 = Release|Any CPU
	EndGlobalSection
EndGlobal
